
Microsoft Visual Studio Solution File, Format Version 12.00
# Visual Studio Version 17
VisualStudioVersion = 17.9.34728.123
MinimumVisualStudioVersion = 10.0.40219.1
Project("{9A19103F-16F7-4668-BE54-9A1E7A4F7556}") = "KonwerterTest", "KonwerterTest.csproj", "{81C2F990-C08C-4DB8-8559-EA2DD88B208B}"
EndProject
Project("{FAE04EC0-301F-11D3-BF4B-00C04F79EFBC}") = "Konwerter", "..\Konwerter\Konwerter.csproj", "{D61D832B-2CBE-4C5B-B4A5-9243E642593C}"
EndProject
Global
	GlobalSection(SolutionConfigurationPlatforms) = preSolution
		Debug|Any CPU = Debug|Any CPU
		Release|Any CPU = Release|Any CPU
	EndGlobalSection
	GlobalSection(ProjectConfigurationPlatforms) = postSolution
		{81C2F990-C08C-4DB8-8559-EA2DD88B208B}.Debug|Any CPU.ActiveCfg = Debug|Any CPU
		{81C2F990-C08C-4DB8-8559-EA2DD88B208B}.Debug|Any CPU.Build.0 = Debug|Any CPU
		{81C2F990-C08C-4DB8-8559-EA2DD88B208B}.Release|Any CPU.ActiveCfg = Release|Any CPU
		{81C2F990-C08C-4DB8-8559-EA2DD88B208B}.Release|Any CPU.Build.0 = Release|Any CPU
		{D61D832B-2CBE-4C5B-B4A5-9243E642593C}.Debug|Any CPU.ActiveCfg = Debug|Any CPU
		{D61D832B-2CBE-4C5B-B4A5-9243E642593C}.Debug|Any CPU.Build.0 = Debug|Any CPU
		{D61D832B-2CBE-4C5B-B4A5-9243E642593C}.Release|Any CPU.ActiveCfg = Release|Any CPU
		{D61D832B-2CBE-4C5B-B4A5-9243E642593C}.Release|Any CPU.Build.0 = Release|Any CPU
	EndGlobalSection
	GlobalSection(SolutionProperties) = preSolution
		HideSolutionNode = FALSE
	EndGlobalSection
	GlobalSection(ExtensibilityGlobals) = postSolution
		SolutionGuid = {C0A4C8FD-F05B-42A4-BE48-D57973ADC4E4}
	EndGlobalSection
EndGlobal
