
Microsoft Visual Studio Solution File, Format Version 12.00
# Visual Studio Version 17
VisualStudioVersion = 17.9.34728.123
MinimumVisualStudioVersion = 10.0.40219.1
Project("{FAE04EC0-301F-11D3-BF4B-00C04F79EFBC}") = "KonwerterTest", "Konwerter\KonwerterTest.csproj", "{3DB12BE2-6EB4-41A1-9FEE-68866288F02D}"
EndProject
Global
	GlobalSection(SolutionConfigurationPlatforms) = preSolution
		Debug|Any CPU = Debug|Any CPU
		Release|Any CPU = Release|Any CPU
	EndGlobalSection
	GlobalSection(ProjectConfigurationPlatforms) = postSolution
		{3DB12BE2-6EB4-41A1-9FEE-68866288F02D}.Debug|Any CPU.ActiveCfg = Debug|Any CPU
		{3DB12BE2-6EB4-41A1-9FEE-68866288F02D}.Debug|Any CPU.Build.0 = Debug|Any CPU
		{3DB12BE2-6EB4-41A1-9FEE-68866288F02D}.Release|Any CPU.ActiveCfg = Release|Any CPU
		{3DB12BE2-6EB4-41A1-9FEE-68866288F02D}.Release|Any CPU.Build.0 = Release|Any CPU
	EndGlobalSection
	GlobalSection(SolutionProperties) = preSolution
		HideSolutionNode = FALSE
	EndGlobalSection
	GlobalSection(ExtensibilityGlobals) = postSolution
		SolutionGuid = {1BC28638-C3E8-40D9-BA86-11870BEF8216}
	EndGlobalSection
EndGlobal
